
Microsoft Visual Studio Solution File, Format Version 12.00
# Visual Studio Version 17
VisualStudioVersion = 17.9.34728.123
MinimumVisualStudioVersion = 10.0.40219.1
Project("{FAE04EC0-301F-11D3-BF4B-00C04F79EFBC}") = "dntest", "dntest\dntest.csproj", "{A23E6FD6-DAE8-43D3-87D2-DBF60F9304D0}"
EndProject
Project("{FAE04EC0-301F-11D3-BF4B-00C04F79EFBC}") = "TestLib", "TestLib\TestLib.csproj", "{FB233687-C36A-4A3A-A4BE-BA1F10F30FE1}"
EndProject
Project("{FAE04EC0-301F-11D3-BF4B-00C04F79EFBC}") = "TestGenLib", "TestGenLib\TestGenLib.csproj", "{E2AE242A-66A0-42A1-8A7F-BE01C5999DD1}"
EndProject
Project("{9A19103F-16F7-4668-BE54-9A1E7A4F7556}") = "dnlib", "dnlib\src\dnlib.csproj", "{20E5095E-1E14-410A-BB16-2241FCD46368}"
EndProject
Global
	GlobalSection(SolutionConfigurationPlatforms) = preSolution
		Debug|Any CPU = Debug|Any CPU
		Release|Any CPU = Release|Any CPU
	EndGlobalSection
	GlobalSection(ProjectConfigurationPlatforms) = postSolution
		{A23E6FD6-DAE8-43D3-87D2-DBF60F9304D0}.Debug|Any CPU.ActiveCfg = Debug|Any CPU
		{A23E6FD6-DAE8-43D3-87D2-DBF60F9304D0}.Debug|Any CPU.Build.0 = Debug|Any CPU
		{A23E6FD6-DAE8-43D3-87D2-DBF60F9304D0}.Release|Any CPU.ActiveCfg = Release|Any CPU
		{A23E6FD6-DAE8-43D3-87D2-DBF60F9304D0}.Release|Any CPU.Build.0 = Release|Any CPU
		{FB233687-C36A-4A3A-A4BE-BA1F10F30FE1}.Debug|Any CPU.ActiveCfg = Debug|Any CPU
		{FB233687-C36A-4A3A-A4BE-BA1F10F30FE1}.Debug|Any CPU.Build.0 = Debug|Any CPU
		{FB233687-C36A-4A3A-A4BE-BA1F10F30FE1}.Release|Any CPU.ActiveCfg = Release|Any CPU
		{FB233687-C36A-4A3A-A4BE-BA1F10F30FE1}.Release|Any CPU.Build.0 = Release|Any CPU
		{E2AE242A-66A0-42A1-8A7F-BE01C5999DD1}.Debug|Any CPU.ActiveCfg = Debug|Any CPU
		{E2AE242A-66A0-42A1-8A7F-BE01C5999DD1}.Debug|Any CPU.Build.0 = Debug|Any CPU
		{E2AE242A-66A0-42A1-8A7F-BE01C5999DD1}.Release|Any CPU.ActiveCfg = Release|Any CPU
		{E2AE242A-66A0-42A1-8A7F-BE01C5999DD1}.Release|Any CPU.Build.0 = Release|Any CPU
		{20E5095E-1E14-410A-BB16-2241FCD46368}.Debug|Any CPU.ActiveCfg = Debug|Any CPU
		{20E5095E-1E14-410A-BB16-2241FCD46368}.Debug|Any CPU.Build.0 = Debug|Any CPU
		{20E5095E-1E14-410A-BB16-2241FCD46368}.Release|Any CPU.ActiveCfg = Release|Any CPU
		{20E5095E-1E14-410A-BB16-2241FCD46368}.Release|Any CPU.Build.0 = Release|Any CPU
	EndGlobalSection
	GlobalSection(SolutionProperties) = preSolution
		HideSolutionNode = FALSE
	EndGlobalSection
	GlobalSection(ExtensibilityGlobals) = postSolution
		SolutionGuid = {1711215F-854E-4AED-915B-B94BE419BE0C}
	EndGlobalSection
EndGlobal
